<?xml version="1.0" encoding="utf-8"?>
<Project ToolsVersion="4.0" xmlns="http://schemas.microsoft.com/developer/msbuild/2003">
  <ItemGroup>
    <Filter Include="Source Files">
      <UniqueIdentifier>{4FC737F1-C7A5-4376-A066-2A32D752A2FF}</UniqueIdentifier>
      <Extensions>cpp;c;cc;cxx;def;odl;idl;hpj;bat;asm;asmx</Extensions>
    </Filter>
    <Filter Include="Header Files">
      <UniqueIdentifier>{93995380-89BD-4b04-88EB-625FBE52EBFB}</UniqueIdentifier>
      <Extensions>h;hh;hpp;hxx;hm;inl;inc;xsd</Extensions>
    </Filter>
    <Filter Include="Resource Files">
      <UniqueIdentifier>{67DA6AB6-F800-4c08-8B7A-83BB121AAD01}</UniqueIdentifier>
      <Extensions>rc;ico;cur;bmp;dlg;rc2;rct;bin;rgs;gif;jpg;jpeg;jpe;resx;tiff;tif;png;wav;mfcribbon-ms</Extensions>
    </Filter>
    <Filter Include="Source Files\vulkan">
      <UniqueIdentifier>{16c0ee24-b121-4f29-85cc-654ce4963ad0}</UniqueIdentifier>
    </Filter>
    <Filter Include="Header Files\vulkan">
      <UniqueIdentifier>{639eea68-0f3a-4501-ace8-deea3e4101ee}</UniqueIdentifier>
    </Filter>
  </ItemGroup>
  <ItemGroup>
    <ClCompile Include="src\main.cpp">
      <Filter>Source Files</Filter>
    </ClCompile>
    <ClCompile Include="src\stirling\vulkan\instance.cpp">
      <Filter>Source Files\vulkan</Filter>
    </ClCompile>
    <ClCompile Include="src\stirling\window.cpp">
      <Filter>Source Files</Filter>
    </ClCompile>
    <ClCompile Include="src\stirling\vulkan\physical_device.cpp">
      <Filter>Source Files\vulkan</Filter>
    </ClCompile>
    <ClCompile Include="src\stirling\vulkan\validator.cpp">
      <Filter>Source Files\vulkan</Filter>
    </ClCompile>
    <ClCompile Include="src\stirling\vulkan\device.cpp">
      <Filter>Source Files\vulkan</Filter>
    </ClCompile>
    <ClCompile Include="src\stirling\vulkan\queue.cpp">
      <Filter>Source Files\vulkan</Filter>
    </ClCompile>
    <ClCompile Include="src\stirling\vulkan\surface.cpp">
      <Filter>Source Files\vulkan</Filter>
    </ClCompile>
    <ClCompile Include="src\stirling\vulkan\swapchain.cpp">
      <Filter>Source Files\vulkan</Filter>
    </ClCompile>
    <ClCompile Include="src\stirling\vulkan\image_view.cpp">
      <Filter>Source Files\vulkan</Filter>
    </ClCompile>
    <ClCompile Include="src\stirling\vulkan\shader_module.cpp">
      <Filter>Source Files\vulkan</Filter>
    </ClCompile>
    <ClCompile Include="src\stirling\vulkan\pipeline.cpp">
      <Filter>Source Files\vulkan</Filter>
    </ClCompile>
  </ItemGroup>
  <ItemGroup>
    <ClInclude Include="src\stirling\vulkan\instance.h">
      <Filter>Header Files\vulkan</Filter>
    </ClInclude>
    <ClInclude Include="src\stirling\window.h">
      <Filter>Header Files</Filter>
    </ClInclude>
    <ClInclude Include="src\stirling\vulkan\physical_device.h">
      <Filter>Header Files\vulkan</Filter>
    </ClInclude>
    <ClInclude Include="src\stirling\vulkan\validator.h">
      <Filter>Header Files\vulkan</Filter>
    </ClInclude>
    <ClInclude Include="src\stirling\vulkan\device.h">
      <Filter>Header Files\vulkan</Filter>
    </ClInclude>
    <ClInclude Include="src\stirling\vulkan\queue.h">
      <Filter>Header Files\vulkan</Filter>
    </ClInclude>
    <ClInclude Include="src\stirling\vulkan\surface.h">
      <Filter>Header Files\vulkan</Filter>
    </ClInclude>
    <ClInclude Include="src\stirling\vulkan\swapchain.h">
      <Filter>Header Files\vulkan</Filter>
    </ClInclude>
    <ClInclude Include="src\stirling\vulkan\image_view.h">
      <Filter>Header Files\vulkan</Filter>
    </ClInclude>
    <ClInclude Include="src\stirling\vulkan\shader_module.h">
      <Filter>Header Files\vulkan</Filter>
    </ClInclude>
    <ClInclude Include="src\stirling\vulkan\pipeline.h">
      <Filter>Header Files\vulkan</Filter>
    </ClInclude>
  </ItemGroup>
</Project>